
Microsoft Visual Studio Solution File, Format Version 12.00
# Visual Studio Version 17
VisualStudioVersion = 17.4.33213.308
MinimumVisualStudioVersion = 10.0.40219.1
Project("{FAE04EC0-301F-11D3-BF4B-00C04F79EFBC}") = "WebApplicationDocker", "WebApplicationDocker.csproj", "{339970B0-6248-4EAB-AAE7-CB1AEE3D00B3}"
EndProject
Global
	GlobalSection(SolutionConfigurationPlatforms) = preSolution
		Debug|Any CPU = Debug|Any CPU
		Release|Any CPU = Release|Any CPU
	EndGlobalSection
	GlobalSection(ProjectConfigurationPlatforms) = postSolution
		{339970B0-6248-4EAB-AAE7-CB1AEE3D00B3}.Debug|Any CPU.ActiveCfg = Debug|Any CPU
		{339970B0-6248-4EAB-AAE7-CB1AEE3D00B3}.Debug|Any CPU.Build.0 = Debug|Any CPU
		{339970B0-6248-4EAB-AAE7-CB1AEE3D00B3}.Release|Any CPU.ActiveCfg = Release|Any CPU
		{339970B0-6248-4EAB-AAE7-CB1AEE3D00B3}.Release|Any CPU.Build.0 = Release|Any CPU
	EndGlobalSection
	GlobalSection(SolutionProperties) = preSolution
		HideSolutionNode = FALSE
	EndGlobalSection
	GlobalSection(ExtensibilityGlobals) = postSolution
		SolutionGuid = {1E0E9540-3D64-460B-9180-159DB7343DA6}
	EndGlobalSection
EndGlobal
